
Microsoft Visual Studio Solution File, Format Version 12.00
# Visual Studio 15
VisualStudioVersion = 15.0.28010.2050
MinimumVisualStudioVersion = 10.0.40219.1
Project("{FAE04EC0-301F-11D3-BF4B-00C04F79EFBC}") = "ProjetMasterChefInfo", "ProjetMasterChefInfo\ProjetMasterChefInfo.csproj", "{E82B7A82-9F3E-4179-A56C-8C0A8E617393}"
	ProjectSection(ProjectDependencies) = postProject
		{B5B4BE02-6CFC-420E-9F66-C275F3188BEF} = {B5B4BE02-6CFC-420E-9F66-C275F3188BEF}
	EndProjectSection
EndProject
Project("{FAE04EC0-301F-11D3-BF4B-00C04F79EFBC}") = "ProjetMasterChefInfoTests", "ProjetMasterChefInfoTests\ProjetMasterChefInfoTests.csproj", "{B5B4BE02-6CFC-420E-9F66-C275F3188BEF}"
EndProject
Global
	GlobalSection(SolutionConfigurationPlatforms) = preSolution
		Debug|Any CPU = Debug|Any CPU
		Release|Any CPU = Release|Any CPU
	EndGlobalSection
	GlobalSection(ProjectConfigurationPlatforms) = postSolution
		{E82B7A82-9F3E-4179-A56C-8C0A8E617393}.Debug|Any CPU.ActiveCfg = Debug|Any CPU
		{E82B7A82-9F3E-4179-A56C-8C0A8E617393}.Debug|Any CPU.Build.0 = Debug|Any CPU
		{E82B7A82-9F3E-4179-A56C-8C0A8E617393}.Release|Any CPU.ActiveCfg = Release|Any CPU
		{E82B7A82-9F3E-4179-A56C-8C0A8E617393}.Release|Any CPU.Build.0 = Release|Any CPU
		{B5B4BE02-6CFC-420E-9F66-C275F3188BEF}.Debug|Any CPU.ActiveCfg = Debug|Any CPU
		{B5B4BE02-6CFC-420E-9F66-C275F3188BEF}.Debug|Any CPU.Build.0 = Debug|Any CPU
		{B5B4BE02-6CFC-420E-9F66-C275F3188BEF}.Release|Any CPU.ActiveCfg = Release|Any CPU
		{B5B4BE02-6CFC-420E-9F66-C275F3188BEF}.Release|Any CPU.Build.0 = Release|Any CPU
	EndGlobalSection
	GlobalSection(SolutionProperties) = preSolution
		HideSolutionNode = FALSE
	EndGlobalSection
	GlobalSection(ExtensibilityGlobals) = postSolution
		SolutionGuid = {BECC7462-296E-44C1-ACAE-05A75107A2AC}
	EndGlobalSection
EndGlobal
